// !$*UTF8*$!
{
	archiveVersion = 1;
	classes = {
	};
	objectVersion = 46;
	objects = {

/* Begin PBXBuildFile section */
		5A709CCE1FECD3420032C6BE /* AppDelegate.m in Sources */ = {isa = PBXBuildFile; fileRef = 5A709CCD1FECD3420032C6BE /* AppDelegate.m */; };
		5A709CD11FECD3420032C6BE /* ViewController.m in Sources */ = {isa = PBXBuildFile; fileRef = 5A709CD01FECD3420032C6BE /* ViewController.m */; };
		5A709CD41FECD3420032C6BE /* Main.storyboard in Resources */ = {isa = PBXBuildFile; fileRef = 5A709CD21FECD3420032C6BE /* Main.storyboard */; };
		5A709CD61FECD3420032C6BE /* Assets.xcassets in Resources */ = {isa = PBXBuildFile; fileRef = 5A709CD51FECD3420032C6BE /* Assets.xcassets */; };
		5A709CD91FECD3420032C6BE /* LaunchScreen.storyboard in Resources */ = {isa = PBXBuildFile; fileRef = 5A709CD71FECD3420032C6BE /* LaunchScreen.storyboard */; };
		5A709CDC1FECD3420032C6BE /* main.m in Sources */ = {isa = PBXBuildFile; fileRef = 5A709CDB1FECD3420032C6BE /* main.m */; };
		5A709CE21FECDFC20032C6BE /* TestLockViewController.m in Sources */ = {isa = PBXBuildFile; fileRef = 5A709CE11FECDFC20032C6BE /* TestLockViewController.m */; };
		5AEA41A31EEE3F980090199D /* main.m in Sources */ = {isa = PBXBuildFile; fileRef = 5AEA41A21EEE3F980090199D /* main.m */; };
		5AEA41AD1EEE3FF40090199D /* Test.m in Sources */ = {isa = PBXBuildFile; fileRef = 5AEA41AC1EEE3FF40090199D /* Test.m */; };
		5AEA41B01EEE71160090199D /* MyClass.m in Sources */ = {isa = PBXBuildFile; fileRef = 5AEA41AF1EEE71160090199D /* MyClass.m */; };
		5AF25D501EF1048600A445FA /* main.m in Sources */ = {isa = PBXBuildFile; fileRef = 5AF25D4F1EF1048600A445FA /* main.m */; };
		5AF25D531EF1048600A445FA /* AppDelegate.m in Sources */ = {isa = PBXBuildFile; fileRef = 5AF25D521EF1048600A445FA /* AppDelegate.m */; };
		5AF25D561EF1048700A445FA /* ViewController.m in Sources */ = {isa = PBXBuildFile; fileRef = 5AF25D551EF1048700A445FA /* ViewController.m */; };
		5AF25D591EF1048700A445FA /* Main.storyboard in Resources */ = {isa = PBXBuildFile; fileRef = 5AF25D571EF1048700A445FA /* Main.storyboard */; };
		5AF25D5B1EF1048700A445FA /* Assets.xcassets in Resources */ = {isa = PBXBuildFile; fileRef = 5AF25D5A1EF1048700A445FA /* Assets.xcassets */; };
		5AF25D5E1EF1048700A445FA /* LaunchScreen.storyboard in Resources */ = {isa = PBXBuildFile; fileRef = 5AF25D5C1EF1048700A445FA /* LaunchScreen.storyboard */; };
		5AF25D651EF104A900A445FA /* ETTapView.m in Sources */ = {isa = PBXBuildFile; fileRef = 5AF25D641EF104A900A445FA /* ETTapView.m */; };
		5AF25D681EF1112D00A445FA /* MyObject.m in Sources */ = {isa = PBXBuildFile; fileRef = 5AF25D671EF1112D00A445FA /* MyObject.m */; };
/* End PBXBuildFile section */

/* Begin PBXCopyFilesBuildPhase section */
		5AEA419D1EEE3F970090199D /* CopyFiles */ = {
			isa = PBXCopyFilesBuildPhase;
			buildActionMask = 2147483647;
			dstPath = /usr/share/man/man1/;
			dstSubfolderSpec = 0;
			files = (
			);
			runOnlyForDeploymentPostprocessing = 1;
		};
/* End PBXCopyFilesBuildPhase section */

/* Begin PBXFileReference section */
		5A709CCA1FECD3410032C6BE /* TestThread_GCD_NSOperation.app */ = {isa = PBXFileReference; explicitFileType = wrapper.application; includeInIndex = 0; path = TestThread_GCD_NSOperation.app; sourceTree = BUILT_PRODUCTS_DIR; };
		5A709CCC1FECD3420032C6BE /* AppDelegate.h */ = {isa = PBXFileReference; lastKnownFileType = sourcecode.c.h; path = AppDelegate.h; sourceTree = "<group>"; };
		5A709CCD1FECD3420032C6BE /* AppDelegate.m */ = {isa = PBXFileReference; lastKnownFileType = sourcecode.c.objc; path = AppDelegate.m; sourceTree = "<group>"; };
		5A709CCF1FECD3420032C6BE /* ViewController.h */ = {isa = PBXFileReference; lastKnownFileType = sourcecode.c.h; path = ViewController.h; sourceTree = "<group>"; };
		5A709CD01FECD3420032C6BE /* ViewController.m */ = {isa = PBXFileReference; lastKnownFileType = sourcecode.c.objc; path = ViewController.m; sourceTree = "<group>"; };
		5A709CD31FECD3420032C6BE /* Base */ = {isa = PBXFileReference; lastKnownFileType = file.storyboard; name = Base; path = Base.lproj/Main.storyboard; sourceTree = "<group>"; };
		5A709CD51FECD3420032C6BE /* Assets.xcassets */ = {isa = PBXFileReference; lastKnownFileType = folder.assetcatalog; path = Assets.xcassets; sourceTree = "<group>"; };
		5A709CD81FECD3420032C6BE /* Base */ = {isa = PBXFileReference; lastKnownFileType = file.storyboard; name = Base; path = Base.lproj/LaunchScreen.storyboard; sourceTree = "<group>"; };
		5A709CDA1FECD3420032C6BE /* Info.plist */ = {isa = PBXFileReference; lastKnownFileType = text.plist.xml; path = Info.plist; sourceTree = "<group>"; };
		5A709CDB1FECD3420032C6BE /* main.m */ = {isa = PBXFileReference; lastKnownFileType = sourcecode.c.objc; path = main.m; sourceTree = "<group>"; };
		5A709CE01FECDFC20032C6BE /* TestLockViewController.h */ = {isa = PBXFileReference; lastKnownFileType = sourcecode.c.h; path = TestLockViewController.h; sourceTree = "<group>"; };
		5A709CE11FECDFC20032C6BE /* TestLockViewController.m */ = {isa = PBXFileReference; lastKnownFileType = sourcecode.c.objc; path = TestLockViewController.m; sourceTree = "<group>"; };
		5AEA419F1EEE3F980090199D /* RuntimeTest1 */ = {isa = PBXFileReference; explicitFileType = "compiled.mach-o.executable"; includeInIndex = 0; path = RuntimeTest1; sourceTree = BUILT_PRODUCTS_DIR; };
		5AEA41A21EEE3F980090199D /* main.m */ = {isa = PBXFileReference; lastKnownFileType = sourcecode.c.objc; path = main.m; sourceTree = "<group>"; };
		5AEA41AB1EEE3FF40090199D /* Test.h */ = {isa = PBXFileReference; fileEncoding = 4; lastKnownFileType = sourcecode.c.h; path = Test.h; sourceTree = "<group>"; };
		5AEA41AC1EEE3FF40090199D /* Test.m */ = {isa = PBXFileReference; fileEncoding = 4; lastKnownFileType = sourcecode.c.objc; path = Test.m; sourceTree = "<group>"; };
		5AEA41AE1EEE71160090199D /* MyClass.h */ = {isa = PBXFileReference; fileEncoding = 4; lastKnownFileType = sourcecode.c.h; path = MyClass.h; sourceTree = "<group>"; };
		5AEA41AF1EEE71160090199D /* MyClass.m */ = {isa = PBXFileReference; fileEncoding = 4; lastKnownFileType = sourcecode.c.objc; path = MyClass.m; sourceTree = "<group>"; };
		5AF25D4C1EF1048500A445FA /* RuntimeTest.app */ = {isa = PBXFileReference; explicitFileType = wrapper.application; includeInIndex = 0; path = RuntimeTest.app; sourceTree = BUILT_PRODUCTS_DIR; };
		5AF25D4F1EF1048600A445FA /* main.m */ = {isa = PBXFileReference; lastKnownFileType = sourcecode.c.objc; path = main.m; sourceTree = "<group>"; };
		5AF25D511EF1048600A445FA /* AppDelegate.h */ = {isa = PBXFileReference; lastKnownFileType = sourcecode.c.h; path = AppDelegate.h; sourceTree = "<group>"; };
		5AF25D521EF1048600A445FA /* AppDelegate.m */ = {isa = PBXFileReference; lastKnownFileType = sourcecode.c.objc; path = AppDelegate.m; sourceTree = "<group>"; };
		5AF25D541EF1048700A445FA /* ViewController.h */ = {isa = PBXFileReference; lastKnownFileType = sourcecode.c.h; path = ViewController.h; sourceTree = "<group>"; };
		5AF25D551EF1048700A445FA /* ViewController.m */ = {isa = PBXFileReference; lastKnownFileType = sourcecode.c.objc; path = ViewController.m; sourceTree = "<group>"; };
		5AF25D581EF1048700A445FA /* Base */ = {isa = PBXFileReference; lastKnownFileType = file.storyboard; name = Base; path = Base.lproj/Main.storyboard; sourceTree = "<group>"; };
		5AF25D5A1EF1048700A445FA /* Assets.xcassets */ = {isa = PBXFileReference; lastKnownFileType = folder.assetcatalog; path = Assets.xcassets; sourceTree = "<group>"; };
		5AF25D5D1EF1048700A445FA /* Base */ = {isa = PBXFileReference; lastKnownFileType = file.storyboard; name = Base; path = Base.lproj/LaunchScreen.storyboard; sourceTree = "<group>"; };
		5AF25D5F1EF1048800A445FA /* Info.plist */ = {isa = PBXFileReference; lastKnownFileType = text.plist.xml; path = Info.plist; sourceTree = "<group>"; };
		5AF25D631EF104A900A445FA /* ETTapView.h */ = {isa = PBXFileReference; fileEncoding = 4; lastKnownFileType = sourcecode.c.h; path = ETTapView.h; sourceTree = "<group>"; };
		5AF25D641EF104A900A445FA /* ETTapView.m */ = {isa = PBXFileReference; fileEncoding = 4; lastKnownFileType = sourcecode.c.objc; path = ETTapView.m; sourceTree = "<group>"; };
		5AF25D661EF1112D00A445FA /* MyObject.h */ = {isa = PBXFileReference; fileEncoding = 4; lastKnownFileType = sourcecode.c.h; path = MyObject.h; sourceTree = "<group>"; };
		5AF25D671EF1112D00A445FA /* MyObject.m */ = {isa = PBXFileReference; fileEncoding = 4; lastKnownFileType = sourcecode.c.objc; path = MyObject.m; sourceTree = "<group>"; };
/* End PBXFileReference section */

/* Begin PBXFrameworksBuildPhase section */
		5A709CC71FECD3410032C6BE /* Frameworks */ = {
			isa = PBXFrameworksBuildPhase;
			buildActionMask = 2147483647;
			files = (
			);
			runOnlyForDeploymentPostprocessing = 0;
		};
		5AEA419C1EEE3F970090199D /* Frameworks */ = {
			isa = PBXFrameworksBuildPhase;
			buildActionMask = 2147483647;
			files = (
			);
			runOnlyForDeploymentPostprocessing = 0;
		};
		5AF25D491EF1048500A445FA /* Frameworks */ = {
			isa = PBXFrameworksBuildPhase;
			buildActionMask = 2147483647;
			files = (
			);
			runOnlyForDeploymentPostprocessing = 0;
		};
/* End PBXFrameworksBuildPhase section */

/* Begin PBXGroup section */
		5A709CCB1FECD3420032C6BE /* TestThread_GCD_NSOperation */ = {
			isa = PBXGroup;
			children = (
				5A709CCC1FECD3420032C6BE /* AppDelegate.h */,
				5A709CCD1FECD3420032C6BE /* AppDelegate.m */,
				5A709CCF1FECD3420032C6BE /* ViewController.h */,
				5A709CD01FECD3420032C6BE /* ViewController.m */,
				5A709CE01FECDFC20032C6BE /* TestLockViewController.h */,
				5A709CE11FECDFC20032C6BE /* TestLockViewController.m */,
				5A709CD21FECD3420032C6BE /* Main.storyboard */,
				5A709CD51FECD3420032C6BE /* Assets.xcassets */,
				5A709CD71FECD3420032C6BE /* LaunchScreen.storyboard */,
				5A709CDA1FECD3420032C6BE /* Info.plist */,
				5A709CDB1FECD3420032C6BE /* main.m */,
			);
			path = TestThread_GCD_NSOperation;
			sourceTree = "<group>";
		};
		5AEA41961EEE3F970090199D = {
			isa = PBXGroup;
			children = (
				5AEA41A11EEE3F980090199D /* RuntimeTest1 */,
				5AF25D4D1EF1048500A445FA /* RuntimeTest */,
				5A709CCB1FECD3420032C6BE /* TestThread_GCD_NSOperation */,
				5AEA41A01EEE3F980090199D /* Products */,
			);
			sourceTree = "<group>";
		};
		5AEA41A01EEE3F980090199D /* Products */ = {
			isa = PBXGroup;
			children = (
				5AEA419F1EEE3F980090199D /* RuntimeTest1 */,
				5AF25D4C1EF1048500A445FA /* RuntimeTest.app */,
				5A709CCA1FECD3410032C6BE /* TestThread_GCD_NSOperation.app */,
			);
			name = Products;
			sourceTree = "<group>";
		};
		5AEA41A11EEE3F980090199D /* RuntimeTest1 */ = {
			isa = PBXGroup;
			children = (
				5AEA41A21EEE3F980090199D /* main.m */,
				5AEA41AB1EEE3FF40090199D /* Test.h */,
				5AEA41AC1EEE3FF40090199D /* Test.m */,
				5AEA41AE1EEE71160090199D /* MyClass.h */,
				5AEA41AF1EEE71160090199D /* MyClass.m */,
				5AF25D661EF1112D00A445FA /* MyObject.h */,
				5AF25D671EF1112D00A445FA /* MyObject.m */,
			);
			path = RuntimeTest1;
			sourceTree = "<group>";
		};
		5AF25D4D1EF1048500A445FA /* RuntimeTest */ = {
			isa = PBXGroup;
			children = (
				5AF25D511EF1048600A445FA /* AppDelegate.h */,
				5AF25D521EF1048600A445FA /* AppDelegate.m */,
				5AF25D541EF1048700A445FA /* ViewController.h */,
				5AF25D551EF1048700A445FA /* ViewController.m */,
				5AF25D571EF1048700A445FA /* Main.storyboard */,
				5AF25D5A1EF1048700A445FA /* Assets.xcassets */,
				5AF25D5C1EF1048700A445FA /* LaunchScreen.storyboard */,
				5AF25D5F1EF1048800A445FA /* Info.plist */,
				5AF25D4E1EF1048600A445FA /* Supporting Files */,
				5AF25D631EF104A900A445FA /* ETTapView.h */,
				5AF25D641EF104A900A445FA /* ETTapView.m */,
			);
			path = RuntimeTest;
			sourceTree = "<group>";
		};
		5AF25D4E1EF1048600A445FA /* Supporting Files */ = {
			isa = PBXGroup;
			children = (
				5AF25D4F1EF1048600A445FA /* main.m */,
			);
			name = "Supporting Files";
			sourceTree = "<group>";
		};
/* End PBXGroup section */

/* Begin PBXNativeTarget section */
		5A709CC91FECD3410032C6BE /* TestThread_GCD_NSOperation */ = {
			isa = PBXNativeTarget;
			buildConfigurationList = 5A709CDF1FECD3420032C6BE /* Build configuration list for PBXNativeTarget "TestThread_GCD_NSOperation" */;
			buildPhases = (
				5A709CC61FECD3410032C6BE /* Sources */,
				5A709CC71FECD3410032C6BE /* Frameworks */,
				5A709CC81FECD3410032C6BE /* Resources */,
			);
			buildRules = (
			);
			dependencies = (
			);
			name = TestThread_GCD_NSOperation;
			productName = TestThread_GCD_NSOperation;
			productReference = 5A709CCA1FECD3410032C6BE /* TestThread_GCD_NSOperation.app */;
			productType = "com.apple.product-type.application";
		};
		5AEA419E1EEE3F970090199D /* RuntimeTest1 */ = {
			isa = PBXNativeTarget;
			buildConfigurationList = 5AEA41A61EEE3F980090199D /* Build configuration list for PBXNativeTarget "RuntimeTest1" */;
			buildPhases = (
				5AEA419B1EEE3F970090199D /* Sources */,
				5AEA419C1EEE3F970090199D /* Frameworks */,
				5AEA419D1EEE3F970090199D /* CopyFiles */,
			);
			buildRules = (
			);
			dependencies = (
			);
			name = RuntimeTest1;
			productName = RuntimeTest1;
			productReference = 5AEA419F1EEE3F980090199D /* RuntimeTest1 */;
			productType = "com.apple.product-type.tool";
		};
		5AF25D4B1EF1048500A445FA /* RuntimeTest */ = {
			isa = PBXNativeTarget;
			buildConfigurationList = 5AF25D601EF1048800A445FA /* Build configuration list for PBXNativeTarget "RuntimeTest" */;
			buildPhases = (
				5AF25D481EF1048500A445FA /* Sources */,
				5AF25D491EF1048500A445FA /* Frameworks */,
				5AF25D4A1EF1048500A445FA /* Resources */,
			);
			buildRules = (
			);
			dependencies = (
			);
			name = RuntimeTest;
			productName = RuntimeTest;
			productReference = 5AF25D4C1EF1048500A445FA /* RuntimeTest.app */;
			productType = "com.apple.product-type.application";
		};
/* End PBXNativeTarget section */

/* Begin PBXProject section */
		5AEA41971EEE3F970090199D /* Project object */ = {
			isa = PBXProject;
			attributes = {
				LastUpgradeCheck = 0830;
				ORGANIZATIONNAME = "Elegant Team";
				TargetAttributes = {
					5A709CC91FECD3410032C6BE = {
						CreatedOnToolsVersion = 9.2;
						ProvisioningStyle = Automatic;
					};
					5AEA419E1EEE3F970090199D = {
						CreatedOnToolsVersion = 8.3.2;
						ProvisioningStyle = Automatic;
					};
					5AF25D4B1EF1048500A445FA = {
						CreatedOnToolsVersion = 8.3.2;
						DevelopmentTeam = HU7CX6V97R;
						ProvisioningStyle = Automatic;
					};
				};
			};
			buildConfigurationList = 5AEA419A1EEE3F970090199D /* Build configuration list for PBXProject "RuntimeTest1" */;
			compatibilityVersion = "Xcode 3.2";
			developmentRegion = English;
			hasScannedForEncodings = 0;
			knownRegions = (
				en,
				Base,
			);
			mainGroup = 5AEA41961EEE3F970090199D;
			productRefGroup = 5AEA41A01EEE3F980090199D /* Products */;
			projectDirPath = "";
			projectRoot = "";
			targets = (
				5AEA419E1EEE3F970090199D /* RuntimeTest1 */,
				5AF25D4B1EF1048500A445FA /* RuntimeTest */,
				5A709CC91FECD3410032C6BE /* TestThread_GCD_NSOperation */,
			);
		};
/* End PBXProject section */

/* Begin PBXResourcesBuildPhase section */
		5A709CC81FECD3410032C6BE /* Resources */ = {
			isa = PBXResourcesBuildPhase;
			buildActionMask = 2147483647;
			files = (
				5A709CD91FECD3420032C6BE /* LaunchScreen.storyboard in Resources */,
				5A709CD61FECD3420032C6BE /* Assets.xcassets in Resources */,
				5A709CD41FECD3420032C6BE /* Main.storyboard in Resources */,
			);
			runOnlyForDeploymentPostprocessing = 0;
		};
		5AF25D4A1EF1048500A445FA /* Resources */ = {
			isa = PBXResourcesBuildPhase;
			buildActionMask = 2147483647;
			files = (
				5AF25D5E1EF1048700A445FA /* LaunchScreen.storyboard in Resources */,
				5AF25D5B1EF1048700A445FA /* Assets.xcassets in Resources */,
				5AF25D591EF1048700A445FA /* Main.storyboard in Resources */,
			);
			runOnlyForDeploymentPostprocessing = 0;
		};
/* End PBXResourcesBuildPhase section */

/* Begin PBXSourcesBuildPhase section */
		5A709CC61FECD3410032C6BE /* Sources */ = {
			isa = PBXSourcesBuildPhase;
			buildActionMask = 2147483647;
			files = (
				5A709CD11FECD3420032C6BE /* ViewController.m in Sources */,
				5A709CDC1FECD3420032C6BE /* main.m in Sources */,
				5A709CCE1FECD3420032C6BE /* AppDelegate.m in Sources */,
				5A709CE21FECDFC20032C6BE /* TestLockViewController.m in Sources */,
			);
			runOnlyForDeploymentPostprocessing = 0;
		};
		5AEA419B1EEE3F970090199D /* Sources */ = {
			isa = PBXSourcesBuildPhase;
			buildActionMask = 2147483647;
			files = (
				5AEA41B01EEE71160090199D /* MyClass.m in Sources */,
				5AEA41A31EEE3F980090199D /* main.m in Sources */,
				5AF25D681EF1112D00A445FA /* MyObject.m in Sources */,
				5AEA41AD1EEE3FF40090199D /* Test.m in Sources */,
			);
			runOnlyForDeploymentPostprocessing = 0;
		};
		5AF25D481EF1048500A445FA /* Sources */ = {
			isa = PBXSourcesBuildPhase;
			buildActionMask = 2147483647;
			files = (
				5AF25D561EF1048700A445FA /* ViewController.m in Sources */,
				5AF25D531EF1048600A445FA /* AppDelegate.m in Sources */,
				5AF25D501EF1048600A445FA /* main.m in Sources */,
				5AF25D651EF104A900A445FA /* ETTapView.m in Sources */,
			);
			runOnlyForDeploymentPostprocessing = 0;
		};
/* End PBXSourcesBuildPhase section */

/* Begin PBXVariantGroup section */
		5A709CD21FECD3420032C6BE /* Main.storyboard */ = {
			isa = PBXVariantGroup;
			children = (
				5A709CD31FECD3420032C6BE /* Base */,
			);
			name = Main.storyboard;
			sourceTree = "<group>";
		};
		5A709CD71FECD3420032C6BE /* LaunchScreen.storyboard */ = {
			isa = PBXVariantGroup;
			children = (
				5A709CD81FECD3420032C6BE /* Base */,
			);
			name = LaunchScreen.storyboard;
			sourceTree = "<group>";
		};
		5AF25D571EF1048700A445FA /* Main.storyboard */ = {
			isa = PBXVariantGroup;
			children = (
				5AF25D581EF1048700A445FA /* Base */,
			);
			name = Main.storyboard;
			sourceTree = "<group>";
		};
		5AF25D5C1EF1048700A445FA /* LaunchScreen.storyboard */ = {
			isa = PBXVariantGroup;
			children = (
				5AF25D5D1EF1048700A445FA /* Base */,
			);
			name = LaunchScreen.storyboard;
			sourceTree = "<group>";
		};
/* End PBXVariantGroup section */

/* Begin XCBuildConfiguration section */
		5A709CDD1FECD3420032C6BE /* Debug */ = {
			isa = XCBuildConfiguration;
			buildSettings = {
				ASSETCATALOG_COMPILER_APPICON_NAME = AppIcon;
				CLANG_CXX_LANGUAGE_STANDARD = "gnu++14";
				CLANG_ENABLE_OBJC_ARC = YES;
				CLANG_WARN_BLOCK_CAPTURE_AUTORELEASING = YES;
				CLANG_WARN_COMMA = YES;
				CLANG_WARN_NON_LITERAL_NULL_CONVERSION = YES;
				CLANG_WARN_OBJC_LITERAL_CONVERSION = YES;
				CLANG_WARN_RANGE_LOOP_ANALYSIS = YES;
				CLANG_WARN_STRICT_PROTOTYPES = YES;
				CLANG_WARN_UNGUARDED_AVAILABILITY = YES_AGGRESSIVE;
				CODE_SIGN_IDENTITY = "iPhone Developer";
				CODE_SIGN_STYLE = Automatic;
				GCC_C_LANGUAGE_STANDARD = gnu11;
				INFOPLIST_FILE = TestThread_GCD_NSOperation/Info.plist;
				IPHONEOS_DEPLOYMENT_TARGET = 11.2;
				LD_RUNPATH_SEARCH_PATHS = "$(inherited) @executable_path/Frameworks";
				PRODUCT_BUNDLE_IDENTIFIER = "daiyunpeng.TestThread-GCD-NSOperation";
				PRODUCT_NAME = "$(TARGET_NAME)";
				SDKROOT = iphoneos;
				TARGETED_DEVICE_FAMILY = "1,2";
			};
			name = Debug;
		};
		5A709CDE1FECD3420032C6BE /* Release */ = {
			isa = XCBuildConfiguration;
			buildSettings = {
				ASSETCATALOG_COMPILER_APPICON_NAME = AppIcon;
				CLANG_CXX_LANGUAGE_STANDARD = "gnu++14";
				CLANG_ENABLE_OBJC_ARC = YES;
				CLANG_WARN_BLOCK_CAPTURE_AUTORELEASING = YES;
				CLANG_WARN_COMMA = YES;
				CLANG_WARN_NON_LITERAL_NULL_CONVERSION = YES;
				CLANG_WARN_OBJC_LITERAL_CONVERSION = YES;
				CLANG_WARN_RANGE_LOOP_ANALYSIS = YES;
				CLANG_WARN_STRICT_PROTOTYPES = YES;
				CLANG_WARN_UNGUARDED_AVAILABILITY = YES_AGGRESSIVE;
				CODE_SIGN_IDENTITY = "iPhone Developer";
				CODE_SIGN_STYLE = Automatic;
				GCC_C_LANGUAGE_STANDARD = gnu11;
				INFOPLIST_FILE = TestThread_GCD_NSOperation/Info.plist;
				IPHONEOS_DEPLOYMENT_TARGET = 11.2;
				LD_RUNPATH_SEARCH_PATHS = "$(inherited) @executable_path/Frameworks";
				PRODUCT_BUNDLE_IDENTIFIER = "daiyunpeng.TestThread-GCD-NSOperation";
				PRODUCT_NAME = "$(TARGET_NAME)";
				SDKROOT = iphoneos;
				TARGETED_DEVICE_FAMILY = "1,2";
				VALIDATE_PRODUCT = YES;
			};
			name = Release;
		};
		5AEA41A41EEE3F980090199D /* Debug */ = {
			isa = XCBuildConfiguration;
			buildSettings = {
				ALWAYS_SEARCH_USER_PATHS = NO;
				CLANG_ANALYZER_NONNULL = YES;
				CLANG_ANALYZER_NUMBER_OBJECT_CONVERSION = YES_AGGRESSIVE;
				CLANG_CXX_LANGUAGE_STANDARD = "gnu++0x";
				CLANG_CXX_LIBRARY = "libc++";
				CLANG_ENABLE_MODULES = YES;
				CLANG_ENABLE_OBJC_ARC = NO;
				CLANG_WARN_BOOL_CONVERSION = YES;
				CLANG_WARN_CONSTANT_CONVERSION = YES;
				CLANG_WARN_DIRECT_OBJC_ISA_USAGE = YES_ERROR;
				CLANG_WARN_DOCUMENTATION_COMMENTS = YES;
				CLANG_WARN_EMPTY_BODY = YES;
				CLANG_WARN_ENUM_CONVERSION = YES;
				CLANG_WARN_INFINITE_RECURSION = YES;
				CLANG_WARN_INT_CONVERSION = YES;
				CLANG_WARN_OBJC_ROOT_CLASS = YES_ERROR;
				CLANG_WARN_SUSPICIOUS_MOVE = YES;
				CLANG_WARN_UNREACHABLE_CODE = YES;
				CLANG_WARN__DUPLICATE_METHOD_MATCH = YES;
				CODE_SIGN_IDENTITY = "-";
				COPY_PHASE_STRIP = NO;
				DEBUG_INFORMATION_FORMAT = dwarf;
				ENABLE_STRICT_OBJC_MSGSEND = YES;
				ENABLE_TESTABILITY = YES;
				GCC_C_LANGUAGE_STANDARD = gnu99;
				GCC_DYNAMIC_NO_PIC = NO;
				GCC_NO_COMMON_BLOCKS = YES;
				GCC_OPTIMIZATION_LEVEL = 0;
				GCC_PREPROCESSOR_DEFINITIONS = (
					"DEBUG=1",
					"$(inherited)",
				);
				GCC_WARN_64_TO_32_BIT_CONVERSION = YES;
				GCC_WARN_ABOUT_RETURN_TYPE = YES_ERROR;
				GCC_WARN_UNDECLARED_SELECTOR = YES;
				GCC_WARN_UNINITIALIZED_AUTOS = YES_AGGRESSIVE;
				GCC_WARN_UNUSED_FUNCTION = YES;
				GCC_WARN_UNUSED_VARIABLE = YES;
				MACOSX_DEPLOYMENT_TARGET = 10.12;
				MTL_ENABLE_DEBUG_INFO = YES;
				ONLY_ACTIVE_ARCH = YES;
				SDKROOT = macosx;
			};
			name = Debug;
		};
		5AEA41A51EEE3F980090199D /* Release */ = {
			isa = XCBuildConfiguration;
			buildSettings = {
				ALWAYS_SEARCH_USER_PATHS = NO;
				CLANG_ANALYZER_NONNULL = YES;
				CLANG_ANALYZER_NUMBER_OBJECT_CONVERSION = YES_AGGRESSIVE;
				CLANG_CXX_LANGUAGE_STANDARD = "gnu++0x";
				CLANG_CXX_LIBRARY = "libc++";
				CLANG_ENABLE_MODULES = YES;
				CLANG_ENABLE_OBJC_ARC = NO;
				CLANG_WARN_BOOL_CONVERSION = YES;
				CLANG_WARN_CONSTANT_CONVERSION = YES;
				CLANG_WARN_DIRECT_OBJC_ISA_USAGE = YES_ERROR;
				CLANG_WARN_DOCUMENTATION_COMMENTS = YES;
				CLANG_WARN_EMPTY_BODY = YES;
				CLANG_WARN_ENUM_CONVERSION = YES;
				CLANG_WARN_INFINITE_RECURSION = YES;
				CLANG_WARN_INT_CONVERSION = YES;
				CLANG_WARN_OBJC_ROOT_CLASS = YES_ERROR;
				CLANG_WARN_SUSPICIOUS_MOVE = YES;
				CLANG_WARN_UNREACHABLE_CODE = YES;
				CLANG_WARN__DUPLICATE_METHOD_MATCH = YES;
				CODE_SIGN_IDENTITY = "-";
				COPY_PHASE_STRIP = NO;
				DEBUG_INFORMATION_FORMAT = "dwarf-with-dsym";
				ENABLE_NS_ASSERTIONS = NO;
				ENABLE_STRICT_OBJC_MSGSEND = YES;
				GCC_C_LANGUAGE_STANDARD = gnu99;
				GCC_NO_COMMON_BLOCKS = YES;
				GCC_WARN_64_TO_32_BIT_CONVERSION = YES;
				GCC_WARN_ABOUT_RETURN_TYPE = YES_ERROR;
				GCC_WARN_UNDECLARED_SELECTOR = YES;
				GCC_WARN_UNINITIALIZED_AUTOS = YES_AGGRESSIVE;
				GCC_WARN_UNUSED_FUNCTION = YES;
				GCC_WARN_UNUSED_VARIABLE = YES;
				MACOSX_DEPLOYMENT_TARGET = 10.12;
				MTL_ENABLE_DEBUG_INFO = NO;
				SDKROOT = macosx;
			};
			name = Release;
		};
		5AEA41A71EEE3F980090199D /* Debug */ = {
			isa = XCBuildConfiguration;
			buildSettings = {
				PRODUCT_NAME = "$(TARGET_NAME)";
			};
			name = Debug;
		};
		5AEA41A81EEE3F980090199D /* Release */ = {
			isa = XCBuildConfiguration;
			buildSettings = {
				PRODUCT_NAME = "$(TARGET_NAME)";
			};
			name = Release;
		};
		5AF25D611EF1048800A445FA /* Debug */ = {
			isa = XCBuildConfiguration;
			buildSettings = {
				ASSETCATALOG_COMPILER_APPICON_NAME = AppIcon;
				CLANG_ENABLE_OBJC_ARC = YES;
				"CODE_SIGN_IDENTITY[sdk=iphoneos*]" = "iPhone Developer";
				DEVELOPMENT_TEAM = HU7CX6V97R;
				INFOPLIST_FILE = RuntimeTest/Info.plist;
				IPHONEOS_DEPLOYMENT_TARGET = 8.0;
				LD_RUNPATH_SEARCH_PATHS = "$(inherited) @executable_path/Frameworks";
				PRODUCT_BUNDLE_IDENTIFIER = con.weyee.test;
				PRODUCT_NAME = "$(TARGET_NAME)";
				SDKROOT = iphoneos;
				TARGETED_DEVICE_FAMILY = "1,2";
			};
			name = Debug;
		};
		5AF25D621EF1048800A445FA /* Release */ = {
			isa = XCBuildConfiguration;
			buildSettings = {
				ASSETCATALOG_COMPILER_APPICON_NAME = AppIcon;
				CLANG_ENABLE_OBJC_ARC = YES;
				"CODE_SIGN_IDENTITY[sdk=iphoneos*]" = "iPhone Developer";
				DEVELOPMENT_TEAM = HU7CX6V97R;
				INFOPLIST_FILE = RuntimeTest/Info.plist;
				IPHONEOS_DEPLOYMENT_TARGET = 8.0;
				LD_RUNPATH_SEARCH_PATHS = "$(inherited) @executable_path/Frameworks";
				PRODUCT_BUNDLE_IDENTIFIER = con.weyee.test;
				PRODUCT_NAME = "$(TARGET_NAME)";
				SDKROOT = iphoneos;
				TARGETED_DEVICE_FAMILY = "1,2";
				VALIDATE_PRODUCT = YES;
			};
			name = Release;
		};
/* End XCBuildConfiguration section */

/* Begin XCConfigurationList section */
		5A709CDF1FECD3420032C6BE /* Build configuration list for PBXNativeTarget "TestThread_GCD_NSOperation" */ = {
			isa = XCConfigurationList;
			buildConfigurations = (
				5A709CDD1FECD3420032C6BE /* Debug */,
				5A709CDE1FECD3420032C6BE /* Release */,
			);
			defaultConfigurationIsVisible = 0;
			defaultConfigurationName = Release;
		};
		5AEA419A1EEE3F970090199D /* Build configuration list for PBXProject "RuntimeTest1" */ = {
			isa = XCConfigurationList;
			buildConfigurations = (
				5AEA41A41EEE3F980090199D /* Debug */,
				5AEA41A51EEE3F980090199D /* Release */,
			);
			defaultConfigurationIsVisible = 0;
			defaultConfigurationName = Release;
		};
		5AEA41A61EEE3F980090199D /* Build configuration list for PBXNativeTarget "RuntimeTest1" */ = {
			isa = XCConfigurationList;
			buildConfigurations = (
				5AEA41A71EEE3F980090199D /* Debug */,
				5AEA41A81EEE3F980090199D /* Release */,
			);
			defaultConfigurationIsVisible = 0;
			defaultConfigurationName = Release;
		};
		5AF25D601EF1048800A445FA /* Build configuration list for PBXNativeTarget "RuntimeTest" */ = {
			isa = XCConfigurationList;
			buildConfigurations = (
				5AF25D611EF1048800A445FA /* Debug */,
				5AF25D621EF1048800A445FA /* Release */,
			);
			defaultConfigurationIsVisible = 0;
			defaultConfigurationName = Release;
		};
/* End XCConfigurationList section */
	};
	rootObject = 5AEA41971EEE3F970090199D /* Project object */;
}
